
Microsoft Visual Studio Solution File, Format Version 12.00
# Visual Studio Version 17
VisualStudioVersion = 17.2.32519.379
MinimumVisualStudioVersion = 10.0.40219.1
Project("{9A19103F-16F7-4668-BE54-9A1E7A4F7556}") = "RepositoryLib", "RepositoryLib.csproj", "{731193F6-A724-4FB4-838D-E9A5A6744904}"
EndProject
Project("{FAE04EC0-301F-11D3-BF4B-00C04F79EFBC}") = "ServiceLib", "..\ServiceLib\ServiceLib.csproj", "{CEF6865C-D015-45BF-B10C-F74DB8C91FA4}"
EndProject
Global
	GlobalSection(SolutionConfigurationPlatforms) = preSolution
		Debug|Any CPU = Debug|Any CPU
		Release|Any CPU = Release|Any CPU
	EndGlobalSection
	GlobalSection(ProjectConfigurationPlatforms) = postSolution
		{731193F6-A724-4FB4-838D-E9A5A6744904}.Debug|Any CPU.ActiveCfg = Debug|Any CPU
		{731193F6-A724-4FB4-838D-E9A5A6744904}.Debug|Any CPU.Build.0 = Debug|Any CPU
		{731193F6-A724-4FB4-838D-E9A5A6744904}.Release|Any CPU.ActiveCfg = Release|Any CPU
		{731193F6-A724-4FB4-838D-E9A5A6744904}.Release|Any CPU.Build.0 = Release|Any CPU
		{CEF6865C-D015-45BF-B10C-F74DB8C91FA4}.Debug|Any CPU.ActiveCfg = Debug|Any CPU
		{CEF6865C-D015-45BF-B10C-F74DB8C91FA4}.Debug|Any CPU.Build.0 = Debug|Any CPU
		{CEF6865C-D015-45BF-B10C-F74DB8C91FA4}.Release|Any CPU.ActiveCfg = Release|Any CPU
		{CEF6865C-D015-45BF-B10C-F74DB8C91FA4}.Release|Any CPU.Build.0 = Release|Any CPU
	EndGlobalSection
	GlobalSection(SolutionProperties) = preSolution
		HideSolutionNode = FALSE
	EndGlobalSection
	GlobalSection(ExtensibilityGlobals) = postSolution
		SolutionGuid = {3CF06D08-CF71-4E31-8D2D-D6086F75EED0}
	EndGlobalSection
EndGlobal
